// !$*UTF8*$!
{
	archiveVersion = 1;
	classes = {
	};
	objectVersion = 77;
	objects = {

/* Begin PBXBuildFile section */
		69F4CA6E2CEE7063009FA5C9 /* Kingfisher in Frameworks */ = {isa = PBXBuildFile; productRef = 69F4CA6D2CEE7063009FA5C9 /* Kingfisher */; };
/* End PBXBuildFile section */

/* Begin PBXContainerItemProxy section */
		69E4BEF32CEAC27100CD313B /* PBXContainerItemProxy */ = {
			isa = PBXContainerItemProxy;
			containerPortal = 69E4BEDA2CEAC27000CD313B /* Project object */;
			proxyType = 1;
			remoteGlobalIDString = 69E4BEE12CEAC27000CD313B;
			remoteInfo = GameStream;
		};
		69E4BEFD2CEAC27100CD313B /* PBXContainerItemProxy */ = {
			isa = PBXContainerItemProxy;
			containerPortal = 69E4BEDA2CEAC27000CD313B /* Project object */;
			proxyType = 1;
			remoteGlobalIDString = 69E4BEE12CEAC27000CD313B;
			remoteInfo = GameStream;
		};
/* End PBXContainerItemProxy section */

/* Begin PBXFileReference section */
		69E4BEE22CEAC27000CD313B /* GameStream.app */ = {isa = PBXFileReference; explicitFileType = wrapper.application; includeInIndex = 0; path = GameStream.app; sourceTree = BUILT_PRODUCTS_DIR; };
		69E4BEF22CEAC27100CD313B /* GameStreamTests.xctest */ = {isa = PBXFileReference; explicitFileType = wrapper.cfbundle; includeInIndex = 0; path = GameStreamTests.xctest; sourceTree = BUILT_PRODUCTS_DIR; };
		69E4BEFC2CEAC27100CD313B /* GameStreamUITests.xctest */ = {isa = PBXFileReference; explicitFileType = wrapper.cfbundle; includeInIndex = 0; path = GameStreamUITests.xctest; sourceTree = BUILT_PRODUCTS_DIR; };
/* End PBXFileReference section */

/* Begin PBXFileSystemSynchronizedRootGroup section */
		69E4BEE42CEAC27000CD313B /* GameStream */ = {
			isa = PBXFileSystemSynchronizedRootGroup;
			path = GameStream;
			sourceTree = "<group>";
		};
		69E4BEF52CEAC27100CD313B /* GameStreamTests */ = {
			isa = PBXFileSystemSynchronizedRootGroup;
			path = GameStreamTests;
			sourceTree = "<group>";
		};
		69E4BEFF2CEAC27100CD313B /* GameStreamUITests */ = {
			isa = PBXFileSystemSynchronizedRootGroup;
			path = GameStreamUITests;
			sourceTree = "<group>";
		};
/* End PBXFileSystemSynchronizedRootGroup section */

/* Begin PBXFrameworksBuildPhase section */
		69E4BEDF2CEAC27000CD313B /* Frameworks */ = {
			isa = PBXFrameworksBuildPhase;
			buildActionMask = 2147483647;
			files = (
				69F4CA6E2CEE7063009FA5C9 /* Kingfisher in Frameworks */,
			);
			runOnlyForDeploymentPostprocessing = 0;
		};
		69E4BEEF2CEAC27100CD313B /* Frameworks */ = {
			isa = PBXFrameworksBuildPhase;
			buildActionMask = 2147483647;
			files = (
			);
			runOnlyForDeploymentPostprocessing = 0;
		};
		69E4BEF92CEAC27100CD313B /* Frameworks */ = {
			isa = PBXFrameworksBuildPhase;
			buildActionMask = 2147483647;
			files = (
			);
			runOnlyForDeploymentPostprocessing = 0;
		};
/* End PBXFrameworksBuildPhase section */

/* Begin PBXGroup section */
		69E4BED92CEAC27000CD313B = {
			isa = PBXGroup;
			children = (
				69E4BEE42CEAC27000CD313B /* GameStream */,
				69E4BEF52CEAC27100CD313B /* GameStreamTests */,
				69E4BEFF2CEAC27100CD313B /* GameStreamUITests */,
				69F4CA6C2CEE7063009FA5C9 /* Frameworks */,
				69E4BEE32CEAC27000CD313B /* Products */,
			);
			sourceTree = "<group>";
		};
		69E4BEE32CEAC27000CD313B /* Products */ = {
			isa = PBXGroup;
			children = (
				69E4BEE22CEAC27000CD313B /* GameStream.app */,
				69E4BEF22CEAC27100CD313B /* GameStreamTests.xctest */,
				69E4BEFC2CEAC27100CD313B /* GameStreamUITests.xctest */,
			);
			name = Products;
			sourceTree = "<group>";
		};
		69F4CA6C2CEE7063009FA5C9 /* Frameworks */ = {
			isa = PBXGroup;
			children = (
			);
			name = Frameworks;
			sourceTree = "<group>";
		};
/* End PBXGroup section */

/* Begin PBXNativeTarget section */
		69E4BEE12CEAC27000CD313B /* GameStream */ = {
			isa = PBXNativeTarget;
			buildConfigurationList = 69E4BF062CEAC27100CD313B /* Build configuration list for PBXNativeTarget "GameStream" */;
			buildPhases = (
				69E4BEDE2CEAC27000CD313B /* Sources */,
				69E4BEDF2CEAC27000CD313B /* Frameworks */,
				69E4BEE02CEAC27000CD313B /* Resources */,
			);
			buildRules = (
			);
			dependencies = (
			);
			fileSystemSynchronizedGroups = (
				69E4BEE42CEAC27000CD313B /* GameStream */,
			);
			name = GameStream;
			packageProductDependencies = (
				69F4CA6D2CEE7063009FA5C9 /* Kingfisher */,
			);
			productName = GameStream;
			productReference = 69E4BEE22CEAC27000CD313B /* GameStream.app */;
			productType = "com.apple.product-type.application";
		};
		69E4BEF12CEAC27100CD313B /* GameStreamTests */ = {
			isa = PBXNativeTarget;
			buildConfigurationList = 69E4BF092CEAC27100CD313B /* Build configuration list for PBXNativeTarget "GameStreamTests" */;
			buildPhases = (
				69E4BEEE2CEAC27100CD313B /* Sources */,
				69E4BEEF2CEAC27100CD313B /* Frameworks */,
				69E4BEF02CEAC27100CD313B /* Resources */,
			);
			buildRules = (
			);
			dependencies = (
				69E4BEF42CEAC27100CD313B /* PBXTargetDependency */,
			);
			fileSystemSynchronizedGroups = (
				69E4BEF52CEAC27100CD313B /* GameStreamTests */,
			);
			name = GameStreamTests;
			packageProductDependencies = (
			);
			productName = GameStreamTests;
			productReference = 69E4BEF22CEAC27100CD313B /* GameStreamTests.xctest */;
			productType = "com.apple.product-type.bundle.unit-test";
		};
		69E4BEFB2CEAC27100CD313B /* GameStreamUITests */ = {
			isa = PBXNativeTarget;
			buildConfigurationList = 69E4BF0C2CEAC27100CD313B /* Build configuration list for PBXNativeTarget "GameStreamUITests" */;
			buildPhases = (
				69E4BEF82CEAC27100CD313B /* Sources */,
				69E4BEF92CEAC27100CD313B /* Frameworks */,
				69E4BEFA2CEAC27100CD313B /* Resources */,
			);
			buildRules = (
			);
			dependencies = (
				69E4BEFE2CEAC27100CD313B /* PBXTargetDependency */,
			);
			fileSystemSynchronizedGroups = (
				69E4BEFF2CEAC27100CD313B /* GameStreamUITests */,
			);
			name = GameStreamUITests;
			packageProductDependencies = (
			);
			productName = GameStreamUITests;
			productReference = 69E4BEFC2CEAC27100CD313B /* GameStreamUITests.xctest */;
			productType = "com.apple.product-type.bundle.ui-testing";
		};
/* End PBXNativeTarget section */

/* Begin PBXProject section */
		69E4BEDA2CEAC27000CD313B /* Project object */ = {
			isa = PBXProject;
			attributes = {
				BuildIndependentTargetsInParallel = 1;
				LastSwiftUpdateCheck = 1610;
				LastUpgradeCheck = 1610;
				TargetAttributes = {
					69E4BEE12CEAC27000CD313B = {
						CreatedOnToolsVersion = 16.1;
					};
					69E4BEF12CEAC27100CD313B = {
						CreatedOnToolsVersion = 16.1;
						TestTargetID = 69E4BEE12CEAC27000CD313B;
					};
					69E4BEFB2CEAC27100CD313B = {
						CreatedOnToolsVersion = 16.1;
						TestTargetID = 69E4BEE12CEAC27000CD313B;
					};
				};
			};
			buildConfigurationList = 69E4BEDD2CEAC27000CD313B /* Build configuration list for PBXProject "GameStream" */;
			developmentRegion = en;
			hasScannedForEncodings = 0;
			knownRegions = (
				en,
				Base,
			);
			mainGroup = 69E4BED92CEAC27000CD313B;
			minimizedProjectReferenceProxies = 1;
			packageReferences = (
				69F4CA6B2CEE6EBF009FA5C9 /* XCRemoteSwiftPackageReference "Kingfisher" */,
			);
			preferredProjectObjectVersion = 77;
			productRefGroup = 69E4BEE32CEAC27000CD313B /* Products */;
			projectDirPath = "";
			projectRoot = "";
			targets = (
				69E4BEE12CEAC27000CD313B /* GameStream */,
				69E4BEF12CEAC27100CD313B /* GameStreamTests */,
				69E4BEFB2CEAC27100CD313B /* GameStreamUITests */,
			);
		};
/* End PBXProject section */

/* Begin PBXResourcesBuildPhase section */
		69E4BEE02CEAC27000CD313B /* Resources */ = {
			isa = PBXResourcesBuildPhase;
			buildActionMask = 2147483647;
			files = (
			);
			runOnlyForDeploymentPostprocessing = 0;
		};
		69E4BEF02CEAC27100CD313B /* Resources */ = {
			isa = PBXResourcesBuildPhase;
			buildActionMask = 2147483647;
			files = (
			);
			runOnlyForDeploymentPostprocessing = 0;
		};
		69E4BEFA2CEAC27100CD313B /* Resources */ = {
			isa = PBXResourcesBuildPhase;
			buildActionMask = 2147483647;
			files = (
			);
			runOnlyForDeploymentPostprocessing = 0;
		};
/* End PBXResourcesBuildPhase section */

/* Begin PBXSourcesBuildPhase section */
		69E4BEDE2CEAC27000CD313B /* Sources */ = {
			isa = PBXSourcesBuildPhase;
			buildActionMask = 2147483647;
			files = (
			);
			runOnlyForDeploymentPostprocessing = 0;
		};
		69E4BEEE2CEAC27100CD313B /* Sources */ = {
			isa = PBXSourcesBuildPhase;
			buildActionMask = 2147483647;
			files = (
			);
			runOnlyForDeploymentPostprocessing = 0;
		};
		69E4BEF82CEAC27100CD313B /* Sources */ = {
			isa = PBXSourcesBuildPhase;
			buildActionMask = 2147483647;
			files = (
			);
			runOnlyForDeploymentPostprocessing = 0;
		};
/* End PBXSourcesBuildPhase section */

/* Begin PBXTargetDependency section */
		69E4BEF42CEAC27100CD313B /* PBXTargetDependency */ = {
			isa = PBXTargetDependency;
			target = 69E4BEE12CEAC27000CD313B /* GameStream */;
			targetProxy = 69E4BEF32CEAC27100CD313B /* PBXContainerItemProxy */;
		};
		69E4BEFE2CEAC27100CD313B /* PBXTargetDependency */ = {
			isa = PBXTargetDependency;
			target = 69E4BEE12CEAC27000CD313B /* GameStream */;
			targetProxy = 69E4BEFD2CEAC27100CD313B /* PBXContainerItemProxy */;
		};
/* End PBXTargetDependency section */

/* Begin XCBuildConfiguration section */
		69E4BF042CEAC27100CD313B /* Debug */ = {
			isa = XCBuildConfiguration;
			buildSettings = {
				ALWAYS_SEARCH_USER_PATHS = NO;
				ASSETCATALOG_COMPILER_GENERATE_SWIFT_ASSET_SYMBOL_EXTENSIONS = YES;
				CLANG_ANALYZER_NONNULL = YES;
				CLANG_ANALYZER_NUMBER_OBJECT_CONVERSION = YES_AGGRESSIVE;
				CLANG_CXX_LANGUAGE_STANDARD = "gnu++20";
				CLANG_ENABLE_MODULES = YES;
				CLANG_ENABLE_OBJC_ARC = YES;
				CLANG_ENABLE_OBJC_WEAK = YES;
				CLANG_WARN_BLOCK_CAPTURE_AUTORELEASING = YES;
				CLANG_WARN_BOOL_CONVERSION = YES;
				CLANG_WARN_COMMA = YES;
				CLANG_WARN_CONSTANT_CONVERSION = YES;
				CLANG_WARN_DEPRECATED_OBJC_IMPLEMENTATIONS = YES;
				CLANG_WARN_DIRECT_OBJC_ISA_USAGE = YES_ERROR;
				CLANG_WARN_DOCUMENTATION_COMMENTS = YES;
				CLANG_WARN_EMPTY_BODY = YES;
				CLANG_WARN_ENUM_CONVERSION = YES;
				CLANG_WARN_INFINITE_RECURSION = YES;
				CLANG_WARN_INT_CONVERSION = YES;
				CLANG_WARN_NON_LITERAL_NULL_CONVERSION = YES;
				CLANG_WARN_OBJC_IMPLICIT_RETAIN_SELF = YES;
				CLANG_WARN_OBJC_LITERAL_CONVERSION = YES;
				CLANG_WARN_OBJC_ROOT_CLASS = YES_ERROR;
				CLANG_WARN_QUOTED_INCLUDE_IN_FRAMEWORK_HEADER = YES;
				CLANG_WARN_RANGE_LOOP_ANALYSIS = YES;
				CLANG_WARN_STRICT_PROTOTYPES = YES;
				CLANG_WARN_SUSPICIOUS_MOVE = YES;
				CLANG_WARN_UNGUARDED_AVAILABILITY = YES_AGGRESSIVE;
				CLANG_WARN_UNREACHABLE_CODE = YES;
				CLANG_WARN__DUPLICATE_METHOD_MATCH = YES;
				COPY_PHASE_STRIP = NO;
				DEBUG_INFORMATION_FORMAT = dwarf;
				ENABLE_STRICT_OBJC_MSGSEND = YES;
				ENABLE_TESTABILITY = YES;
				ENABLE_USER_SCRIPT_SANDBOXING = YES;
				GCC_C_LANGUAGE_STANDARD = gnu17;
				GCC_DYNAMIC_NO_PIC = NO;
				GCC_NO_COMMON_BLOCKS = YES;
				GCC_OPTIMIZATION_LEVEL = 0;
				GCC_PREPROCESSOR_DEFINITIONS = (
					"DEBUG=1",
					"$(inherited)",
				);
				GCC_WARN_64_TO_32_BIT_CONVERSION = YES;
				GCC_WARN_ABOUT_RETURN_TYPE = YES_ERROR;
				GCC_WARN_UNDECLARED_SELECTOR = YES;
				GCC_WARN_UNINITIALIZED_AUTOS = YES_AGGRESSIVE;
				GCC_WARN_UNUSED_FUNCTION = YES;
				GCC_WARN_UNUSED_VARIABLE = YES;
				IPHONEOS_DEPLOYMENT_TARGET = 18.1;
				LOCALIZATION_PREFERS_STRING_CATALOGS = YES;
				MTL_ENABLE_DEBUG_INFO = INCLUDE_SOURCE;
				MTL_FAST_MATH = YES;
				ONLY_ACTIVE_ARCH = YES;
				SDKROOT = iphoneos;
				SWIFT_ACTIVE_COMPILATION_CONDITIONS = "DEBUG $(inherited)";
				SWIFT_OPTIMIZATION_LEVEL = "-Onone";
			};
			name = Debug;
		};
		69E4BF052CEAC27100CD313B /* Release */ = {
			isa = XCBuildConfiguration;
			buildSettings = {
				ALWAYS_SEARCH_USER_PATHS = NO;
				ASSETCATALOG_COMPILER_GENERATE_SWIFT_ASSET_SYMBOL_EXTENSIONS = YES;
				CLANG_ANALYZER_NONNULL = YES;
				CLANG_ANALYZER_NUMBER_OBJECT_CONVERSION = YES_AGGRESSIVE;
				CLANG_CXX_LANGUAGE_STANDARD = "gnu++20";
				CLANG_ENABLE_MODULES = YES;
				CLANG_ENABLE_OBJC_ARC = YES;
				CLANG_ENABLE_OBJC_WEAK = YES;
				CLANG_WARN_BLOCK_CAPTURE_AUTORELEASING = YES;
				CLANG_WARN_BOOL_CONVERSION = YES;
				CLANG_WARN_COMMA = YES;
				CLANG_WARN_CONSTANT_CONVERSION = YES;
				CLANG_WARN_DEPRECATED_OBJC_IMPLEMENTATIONS = YES;
				CLANG_WARN_DIRECT_OBJC_ISA_USAGE = YES_ERROR;
				CLANG_WARN_DOCUMENTATION_COMMENTS = YES;
				CLANG_WARN_EMPTY_BODY = YES;
				CLANG_WARN_ENUM_CONVERSION = YES;
				CLANG_WARN_INFINITE_RECURSION = YES;
				CLANG_WARN_INT_CONVERSION = YES;
				CLANG_WARN_NON_LITERAL_NULL_CONVERSION = YES;
				CLANG_WARN_OBJC_IMPLICIT_RETAIN_SELF = YES;
				CLANG_WARN_OBJC_LITERAL_CONVERSION = YES;
				CLANG_WARN_OBJC_ROOT_CLASS = YES_ERROR;
				CLANG_WARN_QUOTED_INCLUDE_IN_FRAMEWORK_HEADER = YES;
				CLANG_WARN_RANGE_LOOP_ANALYSIS = YES;
				CLANG_WARN_STRICT_PROTOTYPES = YES;
				CLANG_WARN_SUSPICIOUS_MOVE = YES;
				CLANG_WARN_UNGUARDED_AVAILABILITY = YES_AGGRESSIVE;
				CLANG_WARN_UNREACHABLE_CODE = YES;
				CLANG_WARN__DUPLICATE_METHOD_MATCH = YES;
				COPY_PHASE_STRIP = NO;
				DEBUG_INFORMATION_FORMAT = "dwarf-with-dsym";
				ENABLE_NS_ASSERTIONS = NO;
				ENABLE_STRICT_OBJC_MSGSEND = YES;
				ENABLE_USER_SCRIPT_SANDBOXING = YES;
				GCC_C_LANGUAGE_STANDARD = gnu17;
				GCC_NO_COMMON_BLOCKS = YES;
				GCC_WARN_64_TO_32_BIT_CONVERSION = YES;
				GCC_WARN_ABOUT_RETURN_TYPE = YES_ERROR;
				GCC_WARN_UNDECLARED_SELECTOR = YES;
				GCC_WARN_UNINITIALIZED_AUTOS = YES_AGGRESSIVE;
				GCC_WARN_UNUSED_FUNCTION = YES;
				GCC_WARN_UNUSED_VARIABLE = YES;
				IPHONEOS_DEPLOYMENT_TARGET = 18.1;
				LOCALIZATION_PREFERS_STRING_CATALOGS = YES;
				MTL_ENABLE_DEBUG_INFO = NO;
				MTL_FAST_MATH = YES;
				SDKROOT = iphoneos;
				SWIFT_COMPILATION_MODE = wholemodule;
				VALIDATE_PRODUCT = YES;
			};
			name = Release;
		};
		69E4BF072CEAC27100CD313B /* Debug */ = {
			isa = XCBuildConfiguration;
			buildSettings = {
				ASSETCATALOG_COMPILER_APPICON_NAME = AppIcon;
				ASSETCATALOG_COMPILER_GLOBAL_ACCENT_COLOR_NAME = AccentColor;
				CODE_SIGN_STYLE = Automatic;
				CURRENT_PROJECT_VERSION = 1;
				DEVELOPMENT_ASSET_PATHS = "\"GameStream/Preview Content\"";
				DEVELOPMENT_TEAM = Q784JF89SM;
				ENABLE_PREVIEWS = YES;
				GENERATE_INFOPLIST_FILE = YES;
				INFOPLIST_KEY_UIApplicationSceneManifest_Generation = YES;
				INFOPLIST_KEY_UIApplicationSupportsIndirectInputEvents = YES;
				INFOPLIST_KEY_UILaunchScreen_Generation = YES;
				INFOPLIST_KEY_UISupportedInterfaceOrientations_iPad = "UIInterfaceOrientationPortrait UIInterfaceOrientationPortraitUpsideDown UIInterfaceOrientationLandscapeLeft UIInterfaceOrientationLandscapeRight";
				INFOPLIST_KEY_UISupportedInterfaceOrientations_iPhone = "UIInterfaceOrientationPortrait UIInterfaceOrientationLandscapeLeft UIInterfaceOrientationLandscapeRight";
				LD_RUNPATH_SEARCH_PATHS = (
					"$(inherited)",
					"@executable_path/Frameworks",
				);
				MARKETING_VERSION = 1.0;
				PRODUCT_BUNDLE_IDENTIFIER = com.migzam.GameStream;
				PRODUCT_NAME = "$(TARGET_NAME)";
				SWIFT_EMIT_LOC_STRINGS = YES;
				SWIFT_VERSION = 5.0;
				TARGETED_DEVICE_FAMILY = "1,2";
			};
			name = Debug;
		};
		69E4BF082CEAC27100CD313B /* Release */ = {
			isa = XCBuildConfiguration;
			buildSettings = {
				ASSETCATALOG_COMPILER_APPICON_NAME = AppIcon;
				ASSETCATALOG_COMPILER_GLOBAL_ACCENT_COLOR_NAME = AccentColor;
				CODE_SIGN_STYLE = Automatic;
				CURRENT_PROJECT_VERSION = 1;
				DEVELOPMENT_ASSET_PATHS = "\"GameStream/Preview Content\"";
				DEVELOPMENT_TEAM = Q784JF89SM;
				ENABLE_PREVIEWS = YES;
				GENERATE_INFOPLIST_FILE = YES;
				INFOPLIST_KEY_UIApplicationSceneManifest_Generation = YES;
				INFOPLIST_KEY_UIApplicationSupportsIndirectInputEvents = YES;
				INFOPLIST_KEY_UILaunchScreen_Generation = YES;
				INFOPLIST_KEY_UISupportedInterfaceOrientations_iPad = "UIInterfaceOrientationPortrait UIInterfaceOrientationPortraitUpsideDown UIInterfaceOrientationLandscapeLeft UIInterfaceOrientationLandscapeRight";
				INFOPLIST_KEY_UISupportedInterfaceOrientations_iPhone = "UIInterfaceOrientationPortrait UIInterfaceOrientationLandscapeLeft UIInterfaceOrientationLandscapeRight";
				LD_RUNPATH_SEARCH_PATHS = (
					"$(inherited)",
					"@executable_path/Frameworks",
				);
				MARKETING_VERSION = 1.0;
				PRODUCT_BUNDLE_IDENTIFIER = com.migzam.GameStream;
				PRODUCT_NAME = "$(TARGET_NAME)";
				SWIFT_EMIT_LOC_STRINGS = YES;
				SWIFT_VERSION = 5.0;
				TARGETED_DEVICE_FAMILY = "1,2";
			};
			name = Release;
		};
		69E4BF0A2CEAC27100CD313B /* Debug */ = {
			isa = XCBuildConfiguration;
			buildSettings = {
				BUNDLE_LOADER = "$(TEST_HOST)";
				CODE_SIGN_STYLE = Automatic;
				CURRENT_PROJECT_VERSION = 1;
				DEVELOPMENT_TEAM = Q784JF89SM;
				GENERATE_INFOPLIST_FILE = YES;
				IPHONEOS_DEPLOYMENT_TARGET = 18.1;
				MARKETING_VERSION = 1.0;
				PRODUCT_BUNDLE_IDENTIFIER = com.migzam.GameStreamTests;
				PRODUCT_NAME = "$(TARGET_NAME)";
				SWIFT_EMIT_LOC_STRINGS = NO;
				SWIFT_VERSION = 5.0;
				TARGETED_DEVICE_FAMILY = "1,2";
				TEST_HOST = "$(BUILT_PRODUCTS_DIR)/GameStream.app/$(BUNDLE_EXECUTABLE_FOLDER_PATH)/GameStream";
			};
			name = Debug;
		};
		69E4BF0B2CEAC27100CD313B /* Release */ = {
			isa = XCBuildConfiguration;
			buildSettings = {
				BUNDLE_LOADER = "$(TEST_HOST)";
				CODE_SIGN_STYLE = Automatic;
				CURRENT_PROJECT_VERSION = 1;
				DEVELOPMENT_TEAM = Q784JF89SM;
				GENERATE_INFOPLIST_FILE = YES;
				IPHONEOS_DEPLOYMENT_TARGET = 18.1;
				MARKETING_VERSION = 1.0;
				PRODUCT_BUNDLE_IDENTIFIER = com.migzam.GameStreamTests;
				PRODUCT_NAME = "$(TARGET_NAME)";
				SWIFT_EMIT_LOC_STRINGS = NO;
				SWIFT_VERSION = 5.0;
				TARGETED_DEVICE_FAMILY = "1,2";
				TEST_HOST = "$(BUILT_PRODUCTS_DIR)/GameStream.app/$(BUNDLE_EXECUTABLE_FOLDER_PATH)/GameStream";
			};
			name = Release;
		};
		69E4BF0D2CEAC27100CD313B /* Debug */ = {
			isa = XCBuildConfiguration;
			buildSettings = {
				CODE_SIGN_STYLE = Automatic;
				CURRENT_PROJECT_VERSION = 1;
				DEVELOPMENT_TEAM = Q784JF89SM;
				GENERATE_INFOPLIST_FILE = YES;
				MARKETING_VERSION = 1.0;
				PRODUCT_BUNDLE_IDENTIFIER = com.migzam.GameStreamUITests;
				PRODUCT_NAME = "$(TARGET_NAME)";
				SWIFT_EMIT_LOC_STRINGS = NO;
				SWIFT_VERSION = 5.0;
				TARGETED_DEVICE_FAMILY = "1,2";
				TEST_TARGET_NAME = GameStream;
			};
			name = Debug;
		};
		69E4BF0E2CEAC27100CD313B /* Release */ = {
			isa = XCBuildConfiguration;
			buildSettings = {
				CODE_SIGN_STYLE = Automatic;
				CURRENT_PROJECT_VERSION = 1;
				DEVELOPMENT_TEAM = Q784JF89SM;
				GENERATE_INFOPLIST_FILE = YES;
				MARKETING_VERSION = 1.0;
				PRODUCT_BUNDLE_IDENTIFIER = com.migzam.GameStreamUITests;
				PRODUCT_NAME = "$(TARGET_NAME)";
				SWIFT_EMIT_LOC_STRINGS = NO;
				SWIFT_VERSION = 5.0;
				TARGETED_DEVICE_FAMILY = "1,2";
				TEST_TARGET_NAME = GameStream;
			};
			name = Release;
		};
/* End XCBuildConfiguration section */

/* Begin XCConfigurationList section */
		69E4BEDD2CEAC27000CD313B /* Build configuration list for PBXProject "GameStream" */ = {
			isa = XCConfigurationList;
			buildConfigurations = (
				69E4BF042CEAC27100CD313B /* Debug */,
				69E4BF052CEAC27100CD313B /* Release */,
			);
			defaultConfigurationIsVisible = 0;
			defaultConfigurationName = Release;
		};
		69E4BF062CEAC27100CD313B /* Build configuration list for PBXNativeTarget "GameStream" */ = {
			isa = XCConfigurationList;
			buildConfigurations = (
				69E4BF072CEAC27100CD313B /* Debug */,
				69E4BF082CEAC27100CD313B /* Release */,
			);
			defaultConfigurationIsVisible = 0;
			defaultConfigurationName = Release;
		};
		69E4BF092CEAC27100CD313B /* Build configuration list for PBXNativeTarget "GameStreamTests" */ = {
			isa = XCConfigurationList;
			buildConfigurations = (
				69E4BF0A2CEAC27100CD313B /* Debug */,
				69E4BF0B2CEAC27100CD313B /* Release */,
			);
			defaultConfigurationIsVisible = 0;
			defaultConfigurationName = Release;
		};
		69E4BF0C2CEAC27100CD313B /* Build configuration list for PBXNativeTarget "GameStreamUITests" */ = {
			isa = XCConfigurationList;
			buildConfigurations = (
				69E4BF0D2CEAC27100CD313B /* Debug */,
				69E4BF0E2CEAC27100CD313B /* Release */,
			);
			defaultConfigurationIsVisible = 0;
			defaultConfigurationName = Release;
		};
/* End XCConfigurationList section */

/* Begin XCRemoteSwiftPackageReference section */
		69F4CA6B2CEE6EBF009FA5C9 /* XCRemoteSwiftPackageReference "Kingfisher" */ = {
			isa = XCRemoteSwiftPackageReference;
			repositoryURL = "https://github.com/onevcat/Kingfisher";
			requirement = {
				kind = upToNextMajorVersion;
				minimumVersion = 8.1.1;
			};
		};
/* End XCRemoteSwiftPackageReference section */

/* Begin XCSwiftPackageProductDependency section */
		69F4CA6D2CEE7063009FA5C9 /* Kingfisher */ = {
			isa = XCSwiftPackageProductDependency;
			package = 69F4CA6B2CEE6EBF009FA5C9 /* XCRemoteSwiftPackageReference "Kingfisher" */;
			productName = Kingfisher;
		};
/* End XCSwiftPackageProductDependency section */
	};
	rootObject = 69E4BEDA2CEAC27000CD313B /* Project object */;
}
